
Microsoft Visual Studio Solution File, Format Version 12.00
# Visual Studio Version 17
VisualStudioVersion = 17.4.33213.308
MinimumVisualStudioVersion = 10.0.40219.1
Project("{FAE04EC0-301F-11D3-BF4B-00C04F79EFBC}") = "SP2023-Assignment2-sriddle", "SP2023-Assignment2-sriddle\SP2023-Assignment2-sriddle.csproj", "{A9F43B92-A6A2-457A-9B71-8EDE66DD77CE}"
EndProject
Global
	GlobalSection(SolutionConfigurationPlatforms) = preSolution
		Debug|Any CPU = Debug|Any CPU
		Release|Any CPU = Release|Any CPU
	EndGlobalSection
	GlobalSection(ProjectConfigurationPlatforms) = postSolution
		{A9F43B92-A6A2-457A-9B71-8EDE66DD77CE}.Debug|Any CPU.ActiveCfg = Debug|Any CPU
		{A9F43B92-A6A2-457A-9B71-8EDE66DD77CE}.Debug|Any CPU.Build.0 = Debug|Any CPU
		{A9F43B92-A6A2-457A-9B71-8EDE66DD77CE}.Release|Any CPU.ActiveCfg = Release|Any CPU
		{A9F43B92-A6A2-457A-9B71-8EDE66DD77CE}.Release|Any CPU.Build.0 = Release|Any CPU
	EndGlobalSection
	GlobalSection(SolutionProperties) = preSolution
		HideSolutionNode = FALSE
	EndGlobalSection
	GlobalSection(ExtensibilityGlobals) = postSolution
		SolutionGuid = {272407E3-D59F-4D1F-BFA1-9863D5FDE8C5}
	EndGlobalSection
EndGlobal
